
Microsoft Visual Studio Solution File, Format Version 12.00
# Visual Studio Version 17
VisualStudioVersion = 17.7.34031.279
MinimumVisualStudioVersion = 10.0.40219.1
Project("{2150E333-8FDC-42A3-9474-1A3956D46DE8}") = "src", "src", "{6A6341B0-93BA-4F5A-96CA-2C96D8C7ADF9}"
EndProject
Project("{2150E333-8FDC-42A3-9474-1A3956D46DE8}") = "tests", "tests", "{C5E6AA7C-A8C1-4E91-8EBB-75CE0DD876DA}"
EndProject
Project("{FAE04EC0-301F-11D3-BF4B-00C04F79EFBC}") = "FourSix.Application", "four-six-api\src\FourSix.Application\FourSix.Application.csproj", "{3AF8C99B-BD11-444C-8833-4337B0B0582A}"
EndProject
Project("{FAE04EC0-301F-11D3-BF4B-00C04F79EFBC}") = "FourSix.Domain", "four-six-api\src\FourSix.Domain\FourSix.Domain.csproj", "{B47C602A-15FD-433E-95BE-B84B55EDABBC}"
EndProject
Project("{FAE04EC0-301F-11D3-BF4B-00C04F79EFBC}") = "FourSix.Infrastructure", "four-six-api\src\FourSix.Infrastructure\FourSix.Infrastructure.csproj", "{ADD05075-05C1-4368-9268-706808FCB78B}"
EndProject
Project("{FAE04EC0-301F-11D3-BF4B-00C04F79EFBC}") = "FourSix.WebApi", "four-six-api\src\FourSix.WebApi\FourSix.WebApi.csproj", "{BE5D483E-7088-427E-AF58-248177E948C5}"
EndProject
Global
	GlobalSection(SolutionConfigurationPlatforms) = preSolution
		Debug|Any CPU = Debug|Any CPU
		Release|Any CPU = Release|Any CPU
	EndGlobalSection
	GlobalSection(ProjectConfigurationPlatforms) = postSolution
		{3AF8C99B-BD11-444C-8833-4337B0B0582A}.Debug|Any CPU.ActiveCfg = Debug|Any CPU
		{3AF8C99B-BD11-444C-8833-4337B0B0582A}.Debug|Any CPU.Build.0 = Debug|Any CPU
		{3AF8C99B-BD11-444C-8833-4337B0B0582A}.Release|Any CPU.ActiveCfg = Release|Any CPU
		{3AF8C99B-BD11-444C-8833-4337B0B0582A}.Release|Any CPU.Build.0 = Release|Any CPU
		{B47C602A-15FD-433E-95BE-B84B55EDABBC}.Debug|Any CPU.ActiveCfg = Debug|Any CPU
		{B47C602A-15FD-433E-95BE-B84B55EDABBC}.Debug|Any CPU.Build.0 = Debug|Any CPU
		{B47C602A-15FD-433E-95BE-B84B55EDABBC}.Release|Any CPU.ActiveCfg = Release|Any CPU
		{B47C602A-15FD-433E-95BE-B84B55EDABBC}.Release|Any CPU.Build.0 = Release|Any CPU
		{ADD05075-05C1-4368-9268-706808FCB78B}.Debug|Any CPU.ActiveCfg = Debug|Any CPU
		{ADD05075-05C1-4368-9268-706808FCB78B}.Debug|Any CPU.Build.0 = Debug|Any CPU
		{ADD05075-05C1-4368-9268-706808FCB78B}.Release|Any CPU.ActiveCfg = Release|Any CPU
		{ADD05075-05C1-4368-9268-706808FCB78B}.Release|Any CPU.Build.0 = Release|Any CPU
		{BE5D483E-7088-427E-AF58-248177E948C5}.Debug|Any CPU.ActiveCfg = Debug|Any CPU
		{BE5D483E-7088-427E-AF58-248177E948C5}.Debug|Any CPU.Build.0 = Debug|Any CPU
		{BE5D483E-7088-427E-AF58-248177E948C5}.Release|Any CPU.ActiveCfg = Release|Any CPU
		{BE5D483E-7088-427E-AF58-248177E948C5}.Release|Any CPU.Build.0 = Release|Any CPU
	EndGlobalSection
	GlobalSection(SolutionProperties) = preSolution
		HideSolutionNode = FALSE
	EndGlobalSection
	GlobalSection(NestedProjects) = preSolution
		{3AF8C99B-BD11-444C-8833-4337B0B0582A} = {6A6341B0-93BA-4F5A-96CA-2C96D8C7ADF9}
		{B47C602A-15FD-433E-95BE-B84B55EDABBC} = {6A6341B0-93BA-4F5A-96CA-2C96D8C7ADF9}
		{ADD05075-05C1-4368-9268-706808FCB78B} = {6A6341B0-93BA-4F5A-96CA-2C96D8C7ADF9}
		{BE5D483E-7088-427E-AF58-248177E948C5} = {6A6341B0-93BA-4F5A-96CA-2C96D8C7ADF9}
	EndGlobalSection
	GlobalSection(ExtensibilityGlobals) = postSolution
		SolutionGuid = {D8084736-400F-4A65-B03A-AFD5FE97FEA0}
	EndGlobalSection
EndGlobal
